// !$*UTF8*$!
{
	archiveVersion = 1;
	classes = {
	};
	objectVersion = 50;
	objects = {

/* Begin PBXBuildFile section */
		FB5F522525BAC8D200EC19AF /* AppDelegate.swift in Sources */ = {isa = PBXBuildFile; fileRef = FB5F522425BAC8D200EC19AF /* AppDelegate.swift */; };
		FB5F522725BAC8D200EC19AF /* SceneDelegate.swift in Sources */ = {isa = PBXBuildFile; fileRef = FB5F522625BAC8D200EC19AF /* SceneDelegate.swift */; };
		FB5F522925BAC8D200EC19AF /* DataResultViewController.swift in Sources */ = {isa = PBXBuildFile; fileRef = FB5F522825BAC8D200EC19AF /* DataResultViewController.swift */; };
		FB5F522E25BAC8D700EC19AF /* Assets.xcassets in Resources */ = {isa = PBXBuildFile; fileRef = FB5F522D25BAC8D700EC19AF /* Assets.xcassets */; };
		FB5F523125BAC8D700EC19AF /* LaunchScreen.storyboard in Resources */ = {isa = PBXBuildFile; fileRef = FB5F522F25BAC8D700EC19AF /* LaunchScreen.storyboard */; };
		FB5F523D25BACD8500EC19AF /* DataResultPresenterProtocol.swift in Sources */ = {isa = PBXBuildFile; fileRef = FB5F523C25BACD8500EC19AF /* DataResultPresenterProtocol.swift */; };
		FB5F524125BACDA500EC19AF /* DataResultPresenter.swift in Sources */ = {isa = PBXBuildFile; fileRef = FB5F524025BACDA500EC19AF /* DataResultPresenter.swift */; };
		FB5F524525BACDB300EC19AF /* DataResultViewProtocol.swift in Sources */ = {isa = PBXBuildFile; fileRef = FB5F524425BACDB300EC19AF /* DataResultViewProtocol.swift */; };
		FB5F524825BACDC100EC19AF /* ModuleBuilder.swift in Sources */ = {isa = PBXBuildFile; fileRef = FB5F524725BACDC100EC19AF /* ModuleBuilder.swift */; };
		FB5F524B25BACDCE00EC19AF /* Router.swift in Sources */ = {isa = PBXBuildFile; fileRef = FB5F524A25BACDCE00EC19AF /* Router.swift */; };
		FB5F524F25BACDE900EC19AF /* MainRouterProtocol.swift in Sources */ = {isa = PBXBuildFile; fileRef = FB5F524E25BACDE900EC19AF /* MainRouterProtocol.swift */; };
		FB5F525325BACE0700EC19AF /* ModuleBuilderProtocol.swift in Sources */ = {isa = PBXBuildFile; fileRef = FB5F525225BACE0700EC19AF /* ModuleBuilderProtocol.swift */; };
		FB5F525F25BACF5500EC19AF /* DataResultRouterProtocol.swift in Sources */ = {isa = PBXBuildFile; fileRef = FB5F525E25BACF5500EC19AF /* DataResultRouterProtocol.swift */; };
		FB5F526325BAD41700EC19AF /* NetworkService.swift in Sources */ = {isa = PBXBuildFile; fileRef = FB5F526225BAD41700EC19AF /* NetworkService.swift */; };
		FB5F526625BAD42100EC19AF /* NetworkServiceProtocol.swift in Sources */ = {isa = PBXBuildFile; fileRef = FB5F526525BAD42100EC19AF /* NetworkServiceProtocol.swift */; };
		FB5F526C25BAD65200EC19AF /* NetworkError.swift in Sources */ = {isa = PBXBuildFile; fileRef = FB5F526B25BAD65200EC19AF /* NetworkError.swift */; };
		FB5F527025BADE7300EC19AF /* DataModel.swift in Sources */ = {isa = PBXBuildFile; fileRef = FB5F526F25BADE7300EC19AF /* DataModel.swift */; };
		FB5F527525BAE94600EC19AF /* DataResultSection.swift in Sources */ = {isa = PBXBuildFile; fileRef = FB5F527425BAE94600EC19AF /* DataResultSection.swift */; };
		FB5F527825BAEA4900EC19AF /* Links.swift in Sources */ = {isa = PBXBuildFile; fileRef = FB5F527725BAEA4900EC19AF /* Links.swift */; };
		FB5F527D25BF037500EC19AF /* NavigationService.swift in Sources */ = {isa = PBXBuildFile; fileRef = FB5F527C25BF037500EC19AF /* NavigationService.swift */; };
		FB5F528225BF04FB00EC19AF /* UIColor+Extension.swift in Sources */ = {isa = PBXBuildFile; fileRef = FB5F528125BF04FB00EC19AF /* UIColor+Extension.swift */; };
		FB5F528925BF099100EC19AF /* UIFont+Extension.swift in Sources */ = {isa = PBXBuildFile; fileRef = FB5F528825BF099100EC19AF /* UIFont+Extension.swift */; };
		FBB130EB25C1D4DF00410E56 /* DataModelData.swift in Sources */ = {isa = PBXBuildFile; fileRef = FBB130EA25C1D4DF00410E56 /* DataModelData.swift */; };
		FBB130EE25C1D51600410E56 /* Item.swift in Sources */ = {isa = PBXBuildFile; fileRef = FBB130ED25C1D51600410E56 /* Item.swift */; };
		FBB130F225C1D57500410E56 /* Author.swift in Sources */ = {isa = PBXBuildFile; fileRef = FBB130F125C1D57500410E56 /* Author.swift */; };
		FBB130F625C1D59500410E56 /* Auth.swift in Sources */ = {isa = PBXBuildFile; fileRef = FBB130F525C1D59500410E56 /* Auth.swift */; };
		FBB130F925C1D5A700410E56 /* Banner.swift in Sources */ = {isa = PBXBuildFile; fileRef = FBB130F825C1D5A700410E56 /* Banner.swift */; };
		FBB130FC25C1D5DD00410E56 /* BannerData.swift in Sources */ = {isa = PBXBuildFile; fileRef = FBB130FB25C1D5DD00410E56 /* BannerData.swift */; };
		FBB130FF25C1D5FC00410E56 /* ImageData.swift in Sources */ = {isa = PBXBuildFile; fileRef = FBB130FE25C1D5FC00410E56 /* ImageData.swift */; };
		FBB1310225C1D61300410E56 /* Size.swift in Sources */ = {isa = PBXBuildFile; fileRef = FBB1310125C1D61300410E56 /* Size.swift */; };
		FBB1310525C1D62300410E56 /* BannerType.swift in Sources */ = {isa = PBXBuildFile; fileRef = FBB1310425C1D62300410E56 /* BannerType.swift */; };
		FBB1310825C1D65700410E56 /* AuthorData.swift in Sources */ = {isa = PBXBuildFile; fileRef = FBB1310725C1D65700410E56 /* AuthorData.swift */; };
		FBB1310B25C1D66700410E56 /* Gender.swift in Sources */ = {isa = PBXBuildFile; fileRef = FBB1310A25C1D66700410E56 /* Gender.swift */; };
		FBB1310E25C1D69700410E56 /* Statistics.swift in Sources */ = {isa = PBXBuildFile; fileRef = FBB1310D25C1D69700410E56 /* Statistics.swift */; };
		FBB1311125C1D6A800410E56 /* Awards.swift in Sources */ = {isa = PBXBuildFile; fileRef = FBB1311025C1D6A800410E56 /* Awards.swift */; };
		FBB1311525C1D6E400410E56 /* Content.swift in Sources */ = {isa = PBXBuildFile; fileRef = FBB1311425C1D6E400410E56 /* Content.swift */; };
		FBB1311825C1D76100410E56 /* ContentData.swift in Sources */ = {isa = PBXBuildFile; fileRef = FBB1311725C1D76100410E56 /* ContentData.swift */; };
		FBB1311D25C1D98C00410E56 /* Language.swift in Sources */ = {isa = PBXBuildFile; fileRef = FBB1311C25C1D98C00410E56 /* Language.swift */; };
		FBB1312025C1D9AE00410E56 /* Stats.swift in Sources */ = {isa = PBXBuildFile; fileRef = FBB1311F25C1D9AE00410E56 /* Stats.swift */; };
		FBB1312325C1D9C100410E56 /* Comments.swift in Sources */ = {isa = PBXBuildFile; fileRef = FBB1312225C1D9C100410E56 /* Comments.swift */; };
		FBB1312625C1D9EC00410E56 /* TimeLeftToSpace.swift in Sources */ = {isa = PBXBuildFile; fileRef = FBB1312525C1D9EC00410E56 /* TimeLeftToSpace.swift */; };
		FBB1312925C1DA0800410E56 /* Status.swift in Sources */ = {isa = PBXBuildFile; fileRef = FBB1312825C1DA0800410E56 /* Status.swift */; };
		FBB1312C25C1DA2B00410E56 /* ItemType.swift in Sources */ = {isa = PBXBuildFile; fileRef = FBB1312B25C1DA2B00410E56 /* ItemType.swift */; };
		FBB1313025C1E8A900410E56 /* DataResultCell.swift in Sources */ = {isa = PBXBuildFile; fileRef = FBB1312F25C1E8A900410E56 /* DataResultCell.swift */; };
		FBB1313D25C1F3A600410E56 /* ReuseCellProtocol.swift in Sources */ = {isa = PBXBuildFile; fileRef = FBB1313C25C1F3A600410E56 /* ReuseCellProtocol.swift */; };
		FBB1314225C1FA4D00410E56 /* DefaultLayerValue.swift in Sources */ = {isa = PBXBuildFile; fileRef = FBB1314125C1FA4D00410E56 /* DefaultLayerValue.swift */; };
		FBB1314525C1FD6000410E56 /* PostDetailViewController.swift in Sources */ = {isa = PBXBuildFile; fileRef = FBB1314425C1FD6000410E56 /* PostDetailViewController.swift */; };
		FBB1314A25C1FDA400410E56 /* PostDetailPresenter.swift in Sources */ = {isa = PBXBuildFile; fileRef = FBB1314925C1FDA400410E56 /* PostDetailPresenter.swift */; };
		FBB1314E25C1FDE400410E56 /* PostDetailPresenterProtocol.swift in Sources */ = {isa = PBXBuildFile; fileRef = FBB1314D25C1FDE400410E56 /* PostDetailPresenterProtocol.swift */; };
		FBB1315125C1FF3500410E56 /* PostDetailViewProtocol.swift in Sources */ = {isa = PBXBuildFile; fileRef = FBB1315025C1FF3500410E56 /* PostDetailViewProtocol.swift */; };
		FBB1315725C20A2300410E56 /* UIScrollView+Extension.swift in Sources */ = {isa = PBXBuildFile; fileRef = FBB1315625C20A2300410E56 /* UIScrollView+Extension.swift */; };
		FBB1315A25C2181300410E56 /* DataSortType.swift in Sources */ = {isa = PBXBuildFile; fileRef = FBB1315925C2181300410E56 /* DataSortType.swift */; };
		FBB1315E25C21F3200410E56 /* LinkGenerateService.swift in Sources */ = {isa = PBXBuildFile; fileRef = FBB1315D25C21F3200410E56 /* LinkGenerateService.swift */; };
		FBB1316125C220A100410E56 /* GetRequestParametrs.swift in Sources */ = {isa = PBXBuildFile; fileRef = FBB1316025C220A100410E56 /* GetRequestParametrs.swift */; };
		FBB1316425C23AE500410E56 /* ImageCacheProtocol.swift in Sources */ = {isa = PBXBuildFile; fileRef = FBB1316325C23AE500410E56 /* ImageCacheProtocol.swift */; };
		FBB1316825C23B7A00410E56 /* ImageCache.swift in Sources */ = {isa = PBXBuildFile; fileRef = FBB1316725C23B7A00410E56 /* ImageCache.swift */; };
		FBB1316C25C23FEA00410E56 /* ImageLoader.swift in Sources */ = {isa = PBXBuildFile; fileRef = FBB1316B25C23FEA00410E56 /* ImageLoader.swift */; };
		FBB1318925C2517600410E56 /* PostDetailModuleTests.swift in Sources */ = {isa = PBXBuildFile; fileRef = FBB1318825C2517600410E56 /* PostDetailModuleTests.swift */; };
/* End PBXBuildFile section */

/* Begin PBXContainerItemProxy section */
		FBB1317925C24FD500410E56 /* PBXContainerItemProxy */ = {
			isa = PBXContainerItemProxy;
			containerPortal = FB5F521925BAC8D200EC19AF /* Project object */;
			proxyType = 1;
			remoteGlobalIDString = FB5F522025BAC8D200EC19AF;
			remoteInfo = TestTask;
		};
/* End PBXContainerItemProxy section */

/* Begin PBXFileReference section */
		FB5F522125BAC8D200EC19AF /* TestTask.app */ = {isa = PBXFileReference; explicitFileType = wrapper.application; includeInIndex = 0; path = TestTask.app; sourceTree = BUILT_PRODUCTS_DIR; };
		FB5F522425BAC8D200EC19AF /* AppDelegate.swift */ = {isa = PBXFileReference; lastKnownFileType = sourcecode.swift; path = AppDelegate.swift; sourceTree = "<group>"; };
		FB5F522625BAC8D200EC19AF /* SceneDelegate.swift */ = {isa = PBXFileReference; lastKnownFileType = sourcecode.swift; path = SceneDelegate.swift; sourceTree = "<group>"; };
		FB5F522825BAC8D200EC19AF /* DataResultViewController.swift */ = {isa = PBXFileReference; lastKnownFileType = sourcecode.swift; path = DataResultViewController.swift; sourceTree = "<group>"; };
		FB5F522D25BAC8D700EC19AF /* Assets.xcassets */ = {isa = PBXFileReference; lastKnownFileType = folder.assetcatalog; path = Assets.xcassets; sourceTree = "<group>"; };
		FB5F523025BAC8D700EC19AF /* Base */ = {isa = PBXFileReference; lastKnownFileType = file.storyboard; name = Base; path = Base.lproj/LaunchScreen.storyboard; sourceTree = "<group>"; };
		FB5F523225BAC8D700EC19AF /* Info.plist */ = {isa = PBXFileReference; lastKnownFileType = text.plist.xml; path = Info.plist; sourceTree = "<group>"; };
		FB5F523C25BACD8500EC19AF /* DataResultPresenterProtocol.swift */ = {isa = PBXFileReference; lastKnownFileType = sourcecode.swift; path = DataResultPresenterProtocol.swift; sourceTree = "<group>"; };
		FB5F524025BACDA500EC19AF /* DataResultPresenter.swift */ = {isa = PBXFileReference; lastKnownFileType = sourcecode.swift; path = DataResultPresenter.swift; sourceTree = "<group>"; };
		FB5F524425BACDB300EC19AF /* DataResultViewProtocol.swift */ = {isa = PBXFileReference; lastKnownFileType = sourcecode.swift; path = DataResultViewProtocol.swift; sourceTree = "<group>"; };
		FB5F524725BACDC100EC19AF /* ModuleBuilder.swift */ = {isa = PBXFileReference; lastKnownFileType = sourcecode.swift; path = ModuleBuilder.swift; sourceTree = "<group>"; };
		FB5F524A25BACDCE00EC19AF /* Router.swift */ = {isa = PBXFileReference; lastKnownFileType = sourcecode.swift; path = Router.swift; sourceTree = "<group>"; };
		FB5F524E25BACDE900EC19AF /* MainRouterProtocol.swift */ = {isa = PBXFileReference; lastKnownFileType = sourcecode.swift; path = MainRouterProtocol.swift; sourceTree = "<group>"; };
		FB5F525225BACE0700EC19AF /* ModuleBuilderProtocol.swift */ = {isa = PBXFileReference; lastKnownFileType = sourcecode.swift; path = ModuleBuilderProtocol.swift; sourceTree = "<group>"; };
		FB5F525E25BACF5500EC19AF /* DataResultRouterProtocol.swift */ = {isa = PBXFileReference; lastKnownFileType = sourcecode.swift; path = DataResultRouterProtocol.swift; sourceTree = "<group>"; };
		FB5F526225BAD41700EC19AF /* NetworkService.swift */ = {isa = PBXFileReference; lastKnownFileType = sourcecode.swift; path = NetworkService.swift; sourceTree = "<group>"; };
		FB5F526525BAD42100EC19AF /* NetworkServiceProtocol.swift */ = {isa = PBXFileReference; lastKnownFileType = sourcecode.swift; path = NetworkServiceProtocol.swift; sourceTree = "<group>"; };
		FB5F526B25BAD65200EC19AF /* NetworkError.swift */ = {isa = PBXFileReference; lastKnownFileType = sourcecode.swift; path = NetworkError.swift; sourceTree = "<group>"; };
		FB5F526F25BADE7300EC19AF /* DataModel.swift */ = {isa = PBXFileReference; lastKnownFileType = sourcecode.swift; path = DataModel.swift; sourceTree = "<group>"; };
		FB5F527425BAE94600EC19AF /* DataResultSection.swift */ = {isa = PBXFileReference; lastKnownFileType = sourcecode.swift; path = DataResultSection.swift; sourceTree = "<group>"; };
		FB5F527725BAEA4900EC19AF /* Links.swift */ = {isa = PBXFileReference; lastKnownFileType = sourcecode.swift; path = Links.swift; sourceTree = "<group>"; };
		FB5F527C25BF037500EC19AF /* NavigationService.swift */ = {isa = PBXFileReference; lastKnownFileType = sourcecode.swift; path = NavigationService.swift; sourceTree = "<group>"; };
		FB5F528125BF04FB00EC19AF /* UIColor+Extension.swift */ = {isa = PBXFileReference; lastKnownFileType = sourcecode.swift; path = "UIColor+Extension.swift"; sourceTree = "<group>"; };
		FB5F528825BF099100EC19AF /* UIFont+Extension.swift */ = {isa = PBXFileReference; lastKnownFileType = sourcecode.swift; path = "UIFont+Extension.swift"; sourceTree = "<group>"; };
		FBB130EA25C1D4DF00410E56 /* DataModelData.swift */ = {isa = PBXFileReference; lastKnownFileType = sourcecode.swift; path = DataModelData.swift; sourceTree = "<group>"; };
		FBB130ED25C1D51600410E56 /* Item.swift */ = {isa = PBXFileReference; lastKnownFileType = sourcecode.swift; path = Item.swift; sourceTree = "<group>"; };
		FBB130F125C1D57500410E56 /* Author.swift */ = {isa = PBXFileReference; lastKnownFileType = sourcecode.swift; path = Author.swift; sourceTree = "<group>"; };
		FBB130F525C1D59500410E56 /* Auth.swift */ = {isa = PBXFileReference; lastKnownFileType = sourcecode.swift; path = Auth.swift; sourceTree = "<group>"; };
		FBB130F825C1D5A700410E56 /* Banner.swift */ = {isa = PBXFileReference; lastKnownFileType = sourcecode.swift; path = Banner.swift; sourceTree = "<group>"; };
		FBB130FB25C1D5DD00410E56 /* BannerData.swift */ = {isa = PBXFileReference; lastKnownFileType = sourcecode.swift; path = BannerData.swift; sourceTree = "<group>"; };
		FBB130FE25C1D5FC00410E56 /* ImageData.swift */ = {isa = PBXFileReference; lastKnownFileType = sourcecode.swift; path = ImageData.swift; sourceTree = "<group>"; };
		FBB1310125C1D61300410E56 /* Size.swift */ = {isa = PBXFileReference; lastKnownFileType = sourcecode.swift; path = Size.swift; sourceTree = "<group>"; };
		FBB1310425C1D62300410E56 /* BannerType.swift */ = {isa = PBXFileReference; lastKnownFileType = sourcecode.swift; path = BannerType.swift; sourceTree = "<group>"; };
		FBB1310725C1D65700410E56 /* AuthorData.swift */ = {isa = PBXFileReference; lastKnownFileType = sourcecode.swift; path = AuthorData.swift; sourceTree = "<group>"; };
		FBB1310A25C1D66700410E56 /* Gender.swift */ = {isa = PBXFileReference; lastKnownFileType = sourcecode.swift; path = Gender.swift; sourceTree = "<group>"; };
		FBB1310D25C1D69700410E56 /* Statistics.swift */ = {isa = PBXFileReference; lastKnownFileType = sourcecode.swift; path = Statistics.swift; sourceTree = "<group>"; };
		FBB1311025C1D6A800410E56 /* Awards.swift */ = {isa = PBXFileReference; lastKnownFileType = sourcecode.swift; path = Awards.swift; sourceTree = "<group>"; };
		FBB1311425C1D6E400410E56 /* Content.swift */ = {isa = PBXFileReference; lastKnownFileType = sourcecode.swift; path = Content.swift; sourceTree = "<group>"; };
		FBB1311725C1D76100410E56 /* ContentData.swift */ = {isa = PBXFileReference; lastKnownFileType = sourcecode.swift; path = ContentData.swift; sourceTree = "<group>"; };
		FBB1311C25C1D98C00410E56 /* Language.swift */ = {isa = PBXFileReference; lastKnownFileType = sourcecode.swift; path = Language.swift; sourceTree = "<group>"; };
		FBB1311F25C1D9AE00410E56 /* Stats.swift */ = {isa = PBXFileReference; lastKnownFileType = sourcecode.swift; path = Stats.swift; sourceTree = "<group>"; };
		FBB1312225C1D9C100410E56 /* Comments.swift */ = {isa = PBXFileReference; lastKnownFileType = sourcecode.swift; path = Comments.swift; sourceTree = "<group>"; };
		FBB1312525C1D9EC00410E56 /* TimeLeftToSpace.swift */ = {isa = PBXFileReference; lastKnownFileType = sourcecode.swift; path = TimeLeftToSpace.swift; sourceTree = "<group>"; };
		FBB1312825C1DA0800410E56 /* Status.swift */ = {isa = PBXFileReference; lastKnownFileType = sourcecode.swift; path = Status.swift; sourceTree = "<group>"; };
		FBB1312B25C1DA2B00410E56 /* ItemType.swift */ = {isa = PBXFileReference; lastKnownFileType = sourcecode.swift; path = ItemType.swift; sourceTree = "<group>"; };
		FBB1312F25C1E8A900410E56 /* DataResultCell.swift */ = {isa = PBXFileReference; lastKnownFileType = sourcecode.swift; path = DataResultCell.swift; sourceTree = "<group>"; };
		FBB1313C25C1F3A600410E56 /* ReuseCellProtocol.swift */ = {isa = PBXFileReference; lastKnownFileType = sourcecode.swift; path = ReuseCellProtocol.swift; sourceTree = "<group>"; };
		FBB1314125C1FA4D00410E56 /* DefaultLayerValue.swift */ = {isa = PBXFileReference; lastKnownFileType = sourcecode.swift; path = DefaultLayerValue.swift; sourceTree = "<group>"; };
		FBB1314425C1FD6000410E56 /* PostDetailViewController.swift */ = {isa = PBXFileReference; lastKnownFileType = sourcecode.swift; path = PostDetailViewController.swift; sourceTree = "<group>"; };
		FBB1314925C1FDA400410E56 /* PostDetailPresenter.swift */ = {isa = PBXFileReference; lastKnownFileType = sourcecode.swift; path = PostDetailPresenter.swift; sourceTree = "<group>"; };
		FBB1314D25C1FDE400410E56 /* PostDetailPresenterProtocol.swift */ = {isa = PBXFileReference; lastKnownFileType = sourcecode.swift; path = PostDetailPresenterProtocol.swift; sourceTree = "<group>"; };
		FBB1315025C1FF3500410E56 /* PostDetailViewProtocol.swift */ = {isa = PBXFileReference; lastKnownFileType = sourcecode.swift; path = PostDetailViewProtocol.swift; sourceTree = "<group>"; };
		FBB1315625C20A2300410E56 /* UIScrollView+Extension.swift */ = {isa = PBXFileReference; lastKnownFileType = sourcecode.swift; path = "UIScrollView+Extension.swift"; sourceTree = "<group>"; };
		FBB1315925C2181300410E56 /* DataSortType.swift */ = {isa = PBXFileReference; lastKnownFileType = sourcecode.swift; path = DataSortType.swift; sourceTree = "<group>"; };
		FBB1315D25C21F3200410E56 /* LinkGenerateService.swift */ = {isa = PBXFileReference; lastKnownFileType = sourcecode.swift; path = LinkGenerateService.swift; sourceTree = "<group>"; };
		FBB1316025C220A100410E56 /* GetRequestParametrs.swift */ = {isa = PBXFileReference; lastKnownFileType = sourcecode.swift; path = GetRequestParametrs.swift; sourceTree = "<group>"; };
		FBB1316325C23AE500410E56 /* ImageCacheProtocol.swift */ = {isa = PBXFileReference; lastKnownFileType = sourcecode.swift; path = ImageCacheProtocol.swift; sourceTree = "<group>"; };
		FBB1316725C23B7A00410E56 /* ImageCache.swift */ = {isa = PBXFileReference; lastKnownFileType = sourcecode.swift; path = ImageCache.swift; sourceTree = "<group>"; };
		FBB1316B25C23FEA00410E56 /* ImageLoader.swift */ = {isa = PBXFileReference; lastKnownFileType = sourcecode.swift; path = ImageLoader.swift; sourceTree = "<group>"; };
		FBB1317425C24FD500410E56 /* TestTaskTests.xctest */ = {isa = PBXFileReference; explicitFileType = wrapper.cfbundle; includeInIndex = 0; path = TestTaskTests.xctest; sourceTree = BUILT_PRODUCTS_DIR; };
		FBB1317825C24FD500410E56 /* Info.plist */ = {isa = PBXFileReference; lastKnownFileType = text.plist.xml; path = Info.plist; sourceTree = "<group>"; };
		FBB1318825C2517600410E56 /* PostDetailModuleTests.swift */ = {isa = PBXFileReference; lastKnownFileType = sourcecode.swift; path = PostDetailModuleTests.swift; sourceTree = "<group>"; };
/* End PBXFileReference section */

/* Begin PBXFrameworksBuildPhase section */
		FB5F521E25BAC8D200EC19AF /* Frameworks */ = {
			isa = PBXFrameworksBuildPhase;
			buildActionMask = 2147483647;
			files = (
			);
			runOnlyForDeploymentPostprocessing = 0;
		};
		FBB1317125C24FD500410E56 /* Frameworks */ = {
			isa = PBXFrameworksBuildPhase;
			buildActionMask = 2147483647;
			files = (
			);
			runOnlyForDeploymentPostprocessing = 0;
		};
/* End PBXFrameworksBuildPhase section */

/* Begin PBXGroup section */
		FB5F521825BAC8D200EC19AF = {
			isa = PBXGroup;
			children = (
				FB5F522325BAC8D200EC19AF /* TestTask */,
				FBB1317525C24FD500410E56 /* TestTaskTests */,
				FB5F522225BAC8D200EC19AF /* Products */,
			);
			sourceTree = "<group>";
		};
		FB5F522225BAC8D200EC19AF /* Products */ = {
			isa = PBXGroup;
			children = (
				FB5F522125BAC8D200EC19AF /* TestTask.app */,
				FBB1317425C24FD500410E56 /* TestTaskTests.xctest */,
			);
			name = Products;
			sourceTree = "<group>";
		};
		FB5F522325BAC8D200EC19AF /* TestTask */ = {
			isa = PBXGroup;
			children = (
				FB5F522425BAC8D200EC19AF /* AppDelegate.swift */,
				FB5F522625BAC8D200EC19AF /* SceneDelegate.swift */,
				FB5F527F25BF03C500EC19AF /* Service */,
				FB5F527225BADE8500EC19AF /* Model */,
				FBB1316625C23B1C00410E56 /* ImageCache */,
				FB5F526825BAD43700EC19AF /* Networking */,
				FB5F525525BACE0A00EC19AF /* ModuleBuilder */,
				FB5F524D25BACDD200EC19AF /* Routing */,
				FB5F523F25BACD8A00EC19AF /* ModuleDataResult */,
				FBB1314725C1FD7900410E56 /* ModulePostDetail */,
				FB5F528425BF04FF00EC19AF /* Extension */,
				FB5F522D25BAC8D700EC19AF /* Assets.xcassets */,
				FB5F522F25BAC8D700EC19AF /* LaunchScreen.storyboard */,
				FB5F523225BAC8D700EC19AF /* Info.plist */,
			);
			path = TestTask;
			sourceTree = "<group>";
		};
		FB5F523F25BACD8A00EC19AF /* ModuleDataResult */ = {
			isa = PBXGroup;
			children = (
				FB5F527425BAE94600EC19AF /* DataResultSection.swift */,
				FBB1313225C1E8C400410E56 /* View */,
				FBB1313325C1E8D700410E56 /* Presenter */,
				FBB1313625C1F37400410E56 /* Protocols */,
			);
			path = ModuleDataResult;
			sourceTree = "<group>";
		};
		FB5F524D25BACDD200EC19AF /* Routing */ = {
			isa = PBXGroup;
			children = (
				FB5F524A25BACDCE00EC19AF /* Router.swift */,
				FB5F524E25BACDE900EC19AF /* MainRouterProtocol.swift */,
				FB5F525E25BACF5500EC19AF /* DataResultRouterProtocol.swift */,
			);
			path = Routing;
			sourceTree = "<group>";
		};
		FB5F525525BACE0A00EC19AF /* ModuleBuilder */ = {
			isa = PBXGroup;
			children = (
				FB5F524725BACDC100EC19AF /* ModuleBuilder.swift */,
				FB5F525225BACE0700EC19AF /* ModuleBuilderProtocol.swift */,
			);
			path = ModuleBuilder;
			sourceTree = "<group>";
		};
		FB5F526825BAD43700EC19AF /* Networking */ = {
			isa = PBXGroup;
			children = (
				FBB1316B25C23FEA00410E56 /* ImageLoader.swift */,
				FB5F526B25BAD65200EC19AF /* NetworkError.swift */,
				FB5F526225BAD41700EC19AF /* NetworkService.swift */,
				FB5F526525BAD42100EC19AF /* NetworkServiceProtocol.swift */,
			);
			path = Networking;
			sourceTree = "<group>";
		};
		FB5F527225BADE8500EC19AF /* Model */ = {
			isa = PBXGroup;
			children = (
				FBB130F025C1D52B00410E56 /* JSON models */,
				FB5F527725BAEA4900EC19AF /* Links.swift */,
				FBB1314125C1FA4D00410E56 /* DefaultLayerValue.swift */,
				FBB1315925C2181300410E56 /* DataSortType.swift */,
				FBB1316025C220A100410E56 /* GetRequestParametrs.swift */,
			);
			path = Model;
			sourceTree = "<group>";
		};
		FB5F527F25BF03C500EC19AF /* Service */ = {
			isa = PBXGroup;
			children = (
				FB5F527C25BF037500EC19AF /* NavigationService.swift */,
				FBB1315D25C21F3200410E56 /* LinkGenerateService.swift */,
			);
			path = Service;
			sourceTree = "<group>";
		};
		FB5F528425BF04FF00EC19AF /* Extension */ = {
			isa = PBXGroup;
			children = (
				FB5F528125BF04FB00EC19AF /* UIColor+Extension.swift */,
				FBB1315625C20A2300410E56 /* UIScrollView+Extension.swift */,
				FB5F528825BF099100EC19AF /* UIFont+Extension.swift */,
			);
			path = Extension;
			sourceTree = "<group>";
		};
		FBB130F025C1D52B00410E56 /* JSON models */ = {
			isa = PBXGroup;
			children = (
				FB5F526F25BADE7300EC19AF /* DataModel.swift */,
				FBB130EA25C1D4DF00410E56 /* DataModelData.swift */,
				FBB130ED25C1D51600410E56 /* Item.swift */,
				FBB1311425C1D6E400410E56 /* Content.swift */,
				FBB130F125C1D57500410E56 /* Author.swift */,
				FBB130F525C1D59500410E56 /* Auth.swift */,
				FBB130F825C1D5A700410E56 /* Banner.swift */,
				FBB130FB25C1D5DD00410E56 /* BannerData.swift */,
				FBB130FE25C1D5FC00410E56 /* ImageData.swift */,
				FBB1310125C1D61300410E56 /* Size.swift */,
				FBB1310425C1D62300410E56 /* BannerType.swift */,
				FBB1310725C1D65700410E56 /* AuthorData.swift */,
				FBB1310A25C1D66700410E56 /* Gender.swift */,
				FBB1310D25C1D69700410E56 /* Statistics.swift */,
				FBB1311025C1D6A800410E56 /* Awards.swift */,
				FBB1311725C1D76100410E56 /* ContentData.swift */,
				FBB1311C25C1D98C00410E56 /* Language.swift */,
				FBB1311F25C1D9AE00410E56 /* Stats.swift */,
				FBB1312225C1D9C100410E56 /* Comments.swift */,
				FBB1312525C1D9EC00410E56 /* TimeLeftToSpace.swift */,
				FBB1312825C1DA0800410E56 /* Status.swift */,
				FBB1312B25C1DA2B00410E56 /* ItemType.swift */,
			);
			path = "JSON models";
			sourceTree = "<group>";
		};
		FBB1313225C1E8C400410E56 /* View */ = {
			isa = PBXGroup;
			children = (
				FB5F522825BAC8D200EC19AF /* DataResultViewController.swift */,
				FBB1312F25C1E8A900410E56 /* DataResultCell.swift */,
			);
			path = View;
			sourceTree = "<group>";
		};
		FBB1313325C1E8D700410E56 /* Presenter */ = {
			isa = PBXGroup;
			children = (
				FB5F524025BACDA500EC19AF /* DataResultPresenter.swift */,
			);
			path = Presenter;
			sourceTree = "<group>";
		};
		FBB1313625C1F37400410E56 /* Protocols */ = {
			isa = PBXGroup;
			children = (
				FB5F523C25BACD8500EC19AF /* DataResultPresenterProtocol.swift */,
				FB5F524425BACDB300EC19AF /* DataResultViewProtocol.swift */,
				FBB1313C25C1F3A600410E56 /* ReuseCellProtocol.swift */,
			);
			path = Protocols;
			sourceTree = "<group>";
		};
		FBB1314725C1FD7900410E56 /* ModulePostDetail */ = {
			isa = PBXGroup;
			children = (
				FBB1314425C1FD6000410E56 /* PostDetailViewController.swift */,
				FBB1314925C1FDA400410E56 /* PostDetailPresenter.swift */,
				FBB1315425C2056F00410E56 /* Protocols */,
			);
			path = ModulePostDetail;
			sourceTree = "<group>";
		};
		FBB1315425C2056F00410E56 /* Protocols */ = {
			isa = PBXGroup;
			children = (
				FBB1314D25C1FDE400410E56 /* PostDetailPresenterProtocol.swift */,
				FBB1315025C1FF3500410E56 /* PostDetailViewProtocol.swift */,
			);
			path = Protocols;
			sourceTree = "<group>";
		};
		FBB1316625C23B1C00410E56 /* ImageCache */ = {
			isa = PBXGroup;
			children = (
				FBB1316325C23AE500410E56 /* ImageCacheProtocol.swift */,
				FBB1316725C23B7A00410E56 /* ImageCache.swift */,
			);
			path = ImageCache;
			sourceTree = "<group>";
		};
		FBB1317525C24FD500410E56 /* TestTaskTests */ = {
			isa = PBXGroup;
			children = (
				FBB1318C25C2520900410E56 /* TestModulePostDetail */,
				FBB1317825C24FD500410E56 /* Info.plist */,
			);
			path = TestTaskTests;
			sourceTree = "<group>";
		};
		FBB1318C25C2520900410E56 /* TestModulePostDetail */ = {
			isa = PBXGroup;
			children = (
				FBB1318825C2517600410E56 /* PostDetailModuleTests.swift */,
			);
			path = TestModulePostDetail;
			sourceTree = "<group>";
		};
/* End PBXGroup section */

/* Begin PBXNativeTarget section */
		FB5F522025BAC8D200EC19AF /* TestTask */ = {
			isa = PBXNativeTarget;
			buildConfigurationList = FB5F523525BAC8D700EC19AF /* Build configuration list for PBXNativeTarget "TestTask" */;
			buildPhases = (
				FB5F521D25BAC8D200EC19AF /* Sources */,
				FB5F521E25BAC8D200EC19AF /* Frameworks */,
				FB5F521F25BAC8D200EC19AF /* Resources */,
			);
			buildRules = (
			);
			dependencies = (
			);
			name = TestTask;
			productName = TestTask;
			productReference = FB5F522125BAC8D200EC19AF /* TestTask.app */;
			productType = "com.apple.product-type.application";
		};
		FBB1317325C24FD500410E56 /* TestTaskTests */ = {
			isa = PBXNativeTarget;
			buildConfigurationList = FBB1317B25C24FD500410E56 /* Build configuration list for PBXNativeTarget "TestTaskTests" */;
			buildPhases = (
				FBB1317025C24FD500410E56 /* Sources */,
				FBB1317125C24FD500410E56 /* Frameworks */,
				FBB1317225C24FD500410E56 /* Resources */,
			);
			buildRules = (
			);
			dependencies = (
				FBB1317A25C24FD500410E56 /* PBXTargetDependency */,
			);
			name = TestTaskTests;
			productName = TestTaskTests;
			productReference = FBB1317425C24FD500410E56 /* TestTaskTests.xctest */;
			productType = "com.apple.product-type.bundle.unit-test";
		};
/* End PBXNativeTarget section */

/* Begin PBXProject section */
		FB5F521925BAC8D200EC19AF /* Project object */ = {
			isa = PBXProject;
			attributes = {
				LastSwiftUpdateCheck = 1230;
				LastUpgradeCheck = 1230;
				TargetAttributes = {
					FB5F522025BAC8D200EC19AF = {
						CreatedOnToolsVersion = 12.3;
					};
					FBB1317325C24FD500410E56 = {
						CreatedOnToolsVersion = 12.3;
						TestTargetID = FB5F522025BAC8D200EC19AF;
					};
				};
			};
			buildConfigurationList = FB5F521C25BAC8D200EC19AF /* Build configuration list for PBXProject "TestTask" */;
			compatibilityVersion = "Xcode 9.3";
			developmentRegion = en;
			hasScannedForEncodings = 0;
			knownRegions = (
				en,
				Base,
			);
			mainGroup = FB5F521825BAC8D200EC19AF;
			productRefGroup = FB5F522225BAC8D200EC19AF /* Products */;
			projectDirPath = "";
			projectRoot = "";
			targets = (
				FB5F522025BAC8D200EC19AF /* TestTask */,
				FBB1317325C24FD500410E56 /* TestTaskTests */,
			);
		};
/* End PBXProject section */

/* Begin PBXResourcesBuildPhase section */
		FB5F521F25BAC8D200EC19AF /* Resources */ = {
			isa = PBXResourcesBuildPhase;
			buildActionMask = 2147483647;
			files = (
				FB5F523125BAC8D700EC19AF /* LaunchScreen.storyboard in Resources */,
				FB5F522E25BAC8D700EC19AF /* Assets.xcassets in Resources */,
			);
			runOnlyForDeploymentPostprocessing = 0;
		};
		FBB1317225C24FD500410E56 /* Resources */ = {
			isa = PBXResourcesBuildPhase;
			buildActionMask = 2147483647;
			files = (
			);
			runOnlyForDeploymentPostprocessing = 0;
		};
/* End PBXResourcesBuildPhase section */

/* Begin PBXSourcesBuildPhase section */
		FB5F521D25BAC8D200EC19AF /* Sources */ = {
			isa = PBXSourcesBuildPhase;
			buildActionMask = 2147483647;
			files = (
				FBB1314E25C1FDE400410E56 /* PostDetailPresenterProtocol.swift in Sources */,
				FB5F527525BAE94600EC19AF /* DataResultSection.swift in Sources */,
				FBB1312925C1DA0800410E56 /* Status.swift in Sources */,
				FBB1312625C1D9EC00410E56 /* TimeLeftToSpace.swift in Sources */,
				FB5F528225BF04FB00EC19AF /* UIColor+Extension.swift in Sources */,
				FBB1310525C1D62300410E56 /* BannerType.swift in Sources */,
				FB5F527D25BF037500EC19AF /* NavigationService.swift in Sources */,
				FBB1312325C1D9C100410E56 /* Comments.swift in Sources */,
				FBB130EE25C1D51600410E56 /* Item.swift in Sources */,
				FB5F524B25BACDCE00EC19AF /* Router.swift in Sources */,
				FB5F526C25BAD65200EC19AF /* NetworkError.swift in Sources */,
				FBB1315E25C21F3200410E56 /* LinkGenerateService.swift in Sources */,
				FBB1316825C23B7A00410E56 /* ImageCache.swift in Sources */,
				FB5F525F25BACF5500EC19AF /* DataResultRouterProtocol.swift in Sources */,
				FB5F522925BAC8D200EC19AF /* DataResultViewController.swift in Sources */,
				FBB130F225C1D57500410E56 /* Author.swift in Sources */,
				FBB1312C25C1DA2B00410E56 /* ItemType.swift in Sources */,
				FB5F524F25BACDE900EC19AF /* MainRouterProtocol.swift in Sources */,
				FBB1310B25C1D66700410E56 /* Gender.swift in Sources */,
				FB5F527025BADE7300EC19AF /* DataModel.swift in Sources */,
				FB5F525325BACE0700EC19AF /* ModuleBuilderProtocol.swift in Sources */,
				FBB130F625C1D59500410E56 /* Auth.swift in Sources */,
				FB5F523D25BACD8500EC19AF /* DataResultPresenterProtocol.swift in Sources */,
				FBB1310225C1D61300410E56 /* Size.swift in Sources */,
				FBB1314225C1FA4D00410E56 /* DefaultLayerValue.swift in Sources */,
				FBB1314525C1FD6000410E56 /* PostDetailViewController.swift in Sources */,
				FB5F524125BACDA500EC19AF /* DataResultPresenter.swift in Sources */,
				FBB1316C25C23FEA00410E56 /* ImageLoader.swift in Sources */,
				FB5F522525BAC8D200EC19AF /* AppDelegate.swift in Sources */,
				FB5F524825BACDC100EC19AF /* ModuleBuilder.swift in Sources */,
				FB5F527825BAEA4900EC19AF /* Links.swift in Sources */,
				FBB1311525C1D6E400410E56 /* Content.swift in Sources */,
				FBB1315125C1FF3500410E56 /* PostDetailViewProtocol.swift in Sources */,
				FBB130F925C1D5A700410E56 /* Banner.swift in Sources */,
				FBB1314A25C1FDA400410E56 /* PostDetailPresenter.swift in Sources */,
				FB5F522725BAC8D200EC19AF /* SceneDelegate.swift in Sources */,
				FBB1312025C1D9AE00410E56 /* Stats.swift in Sources */,
				FBB1313D25C1F3A600410E56 /* ReuseCellProtocol.swift in Sources */,
				FBB1315725C20A2300410E56 /* UIScrollView+Extension.swift in Sources */,
				FBB1311D25C1D98C00410E56 /* Language.swift in Sources */,
				FBB1313025C1E8A900410E56 /* DataResultCell.swift in Sources */,
				FBB1310825C1D65700410E56 /* AuthorData.swift in Sources */,
				FB5F526325BAD41700EC19AF /* NetworkService.swift in Sources */,
				FBB1316425C23AE500410E56 /* ImageCacheProtocol.swift in Sources */,
				FB5F526625BAD42100EC19AF /* NetworkServiceProtocol.swift in Sources */,
				FBB1311825C1D76100410E56 /* ContentData.swift in Sources */,
				FBB130FF25C1D5FC00410E56 /* ImageData.swift in Sources */,
				FB5F528925BF099100EC19AF /* UIFont+Extension.swift in Sources */,
				FBB1311125C1D6A800410E56 /* Awards.swift in Sources */,
				FBB1310E25C1D69700410E56 /* Statistics.swift in Sources */,
				FBB1315A25C2181300410E56 /* DataSortType.swift in Sources */,
				FBB1316125C220A100410E56 /* GetRequestParametrs.swift in Sources */,
				FB5F524525BACDB300EC19AF /* DataResultViewProtocol.swift in Sources */,
				FBB130EB25C1D4DF00410E56 /* DataModelData.swift in Sources */,
				FBB130FC25C1D5DD00410E56 /* BannerData.swift in Sources */,
			);
			runOnlyForDeploymentPostprocessing = 0;
		};
		FBB1317025C24FD500410E56 /* Sources */ = {
			isa = PBXSourcesBuildPhase;
			buildActionMask = 2147483647;
			files = (
				FBB1318925C2517600410E56 /* PostDetailModuleTests.swift in Sources */,
			);
			runOnlyForDeploymentPostprocessing = 0;
		};
/* End PBXSourcesBuildPhase section */

/* Begin PBXTargetDependency section */
		FBB1317A25C24FD500410E56 /* PBXTargetDependency */ = {
			isa = PBXTargetDependency;
			target = FB5F522025BAC8D200EC19AF /* TestTask */;
			targetProxy = FBB1317925C24FD500410E56 /* PBXContainerItemProxy */;
		};
/* End PBXTargetDependency section */

/* Begin PBXVariantGroup section */
		FB5F522F25BAC8D700EC19AF /* LaunchScreen.storyboard */ = {
			isa = PBXVariantGroup;
			children = (
				FB5F523025BAC8D700EC19AF /* Base */,
			);
			name = LaunchScreen.storyboard;
			sourceTree = "<group>";
		};
/* End PBXVariantGroup section */

/* Begin XCBuildConfiguration section */
		FB5F523325BAC8D700EC19AF /* Debug */ = {
			isa = XCBuildConfiguration;
			buildSettings = {
				ALWAYS_SEARCH_USER_PATHS = NO;
				CLANG_ANALYZER_NONNULL = YES;
				CLANG_ANALYZER_NUMBER_OBJECT_CONVERSION = YES_AGGRESSIVE;
				CLANG_CXX_LANGUAGE_STANDARD = "gnu++14";
				CLANG_CXX_LIBRARY = "libc++";
				CLANG_ENABLE_MODULES = YES;
				CLANG_ENABLE_OBJC_ARC = YES;
				CLANG_ENABLE_OBJC_WEAK = YES;
				CLANG_WARN_BLOCK_CAPTURE_AUTORELEASING = YES;
				CLANG_WARN_BOOL_CONVERSION = YES;
				CLANG_WARN_COMMA = YES;
				CLANG_WARN_CONSTANT_CONVERSION = YES;
				CLANG_WARN_DEPRECATED_OBJC_IMPLEMENTATIONS = YES;
				CLANG_WARN_DIRECT_OBJC_ISA_USAGE = YES_ERROR;
				CLANG_WARN_DOCUMENTATION_COMMENTS = YES;
				CLANG_WARN_EMPTY_BODY = YES;
				CLANG_WARN_ENUM_CONVERSION = YES;
				CLANG_WARN_INFINITE_RECURSION = YES;
				CLANG_WARN_INT_CONVERSION = YES;
				CLANG_WARN_NON_LITERAL_NULL_CONVERSION = YES;
				CLANG_WARN_OBJC_IMPLICIT_RETAIN_SELF = YES;
				CLANG_WARN_OBJC_LITERAL_CONVERSION = YES;
				CLANG_WARN_OBJC_ROOT_CLASS = YES_ERROR;
				CLANG_WARN_QUOTED_INCLUDE_IN_FRAMEWORK_HEADER = YES;
				CLANG_WARN_RANGE_LOOP_ANALYSIS = YES;
				CLANG_WARN_STRICT_PROTOTYPES = YES;
				CLANG_WARN_SUSPICIOUS_MOVE = YES;
				CLANG_WARN_UNGUARDED_AVAILABILITY = YES_AGGRESSIVE;
				CLANG_WARN_UNREACHABLE_CODE = YES;
				CLANG_WARN__DUPLICATE_METHOD_MATCH = YES;
				COPY_PHASE_STRIP = NO;
				DEBUG_INFORMATION_FORMAT = dwarf;
				ENABLE_STRICT_OBJC_MSGSEND = YES;
				ENABLE_TESTABILITY = YES;
				GCC_C_LANGUAGE_STANDARD = gnu11;
				GCC_DYNAMIC_NO_PIC = NO;
				GCC_NO_COMMON_BLOCKS = YES;
				GCC_OPTIMIZATION_LEVEL = 0;
				GCC_PREPROCESSOR_DEFINITIONS = (
					"DEBUG=1",
					"$(inherited)",
				);
				GCC_WARN_64_TO_32_BIT_CONVERSION = YES;
				GCC_WARN_ABOUT_RETURN_TYPE = YES_ERROR;
				GCC_WARN_UNDECLARED_SELECTOR = YES;
				GCC_WARN_UNINITIALIZED_AUTOS = YES_AGGRESSIVE;
				GCC_WARN_UNUSED_FUNCTION = YES;
				GCC_WARN_UNUSED_VARIABLE = YES;
				IPHONEOS_DEPLOYMENT_TARGET = 14.3;
				MTL_ENABLE_DEBUG_INFO = INCLUDE_SOURCE;
				MTL_FAST_MATH = YES;
				ONLY_ACTIVE_ARCH = YES;
				SDKROOT = iphoneos;
				SWIFT_ACTIVE_COMPILATION_CONDITIONS = DEBUG;
				SWIFT_OPTIMIZATION_LEVEL = "-Onone";
			};
			name = Debug;
		};
		FB5F523425BAC8D700EC19AF /* Release */ = {
			isa = XCBuildConfiguration;
			buildSettings = {
				ALWAYS_SEARCH_USER_PATHS = NO;
				CLANG_ANALYZER_NONNULL = YES;
				CLANG_ANALYZER_NUMBER_OBJECT_CONVERSION = YES_AGGRESSIVE;
				CLANG_CXX_LANGUAGE_STANDARD = "gnu++14";
				CLANG_CXX_LIBRARY = "libc++";
				CLANG_ENABLE_MODULES = YES;
				CLANG_ENABLE_OBJC_ARC = YES;
				CLANG_ENABLE_OBJC_WEAK = YES;
				CLANG_WARN_BLOCK_CAPTURE_AUTORELEASING = YES;
				CLANG_WARN_BOOL_CONVERSION = YES;
				CLANG_WARN_COMMA = YES;
				CLANG_WARN_CONSTANT_CONVERSION = YES;
				CLANG_WARN_DEPRECATED_OBJC_IMPLEMENTATIONS = YES;
				CLANG_WARN_DIRECT_OBJC_ISA_USAGE = YES_ERROR;
				CLANG_WARN_DOCUMENTATION_COMMENTS = YES;
				CLANG_WARN_EMPTY_BODY = YES;
				CLANG_WARN_ENUM_CONVERSION = YES;
				CLANG_WARN_INFINITE_RECURSION = YES;
				CLANG_WARN_INT_CONVERSION = YES;
				CLANG_WARN_NON_LITERAL_NULL_CONVERSION = YES;
				CLANG_WARN_OBJC_IMPLICIT_RETAIN_SELF = YES;
				CLANG_WARN_OBJC_LITERAL_CONVERSION = YES;
				CLANG_WARN_OBJC_ROOT_CLASS = YES_ERROR;
				CLANG_WARN_QUOTED_INCLUDE_IN_FRAMEWORK_HEADER = YES;
				CLANG_WARN_RANGE_LOOP_ANALYSIS = YES;
				CLANG_WARN_STRICT_PROTOTYPES = YES;
				CLANG_WARN_SUSPICIOUS_MOVE = YES;
				CLANG_WARN_UNGUARDED_AVAILABILITY = YES_AGGRESSIVE;
				CLANG_WARN_UNREACHABLE_CODE = YES;
				CLANG_WARN__DUPLICATE_METHOD_MATCH = YES;
				COPY_PHASE_STRIP = NO;
				DEBUG_INFORMATION_FORMAT = "dwarf-with-dsym";
				ENABLE_NS_ASSERTIONS = NO;
				ENABLE_STRICT_OBJC_MSGSEND = YES;
				GCC_C_LANGUAGE_STANDARD = gnu11;
				GCC_NO_COMMON_BLOCKS = YES;
				GCC_WARN_64_TO_32_BIT_CONVERSION = YES;
				GCC_WARN_ABOUT_RETURN_TYPE = YES_ERROR;
				GCC_WARN_UNDECLARED_SELECTOR = YES;
				GCC_WARN_UNINITIALIZED_AUTOS = YES_AGGRESSIVE;
				GCC_WARN_UNUSED_FUNCTION = YES;
				GCC_WARN_UNUSED_VARIABLE = YES;
				IPHONEOS_DEPLOYMENT_TARGET = 14.3;
				MTL_ENABLE_DEBUG_INFO = NO;
				MTL_FAST_MATH = YES;
				SDKROOT = iphoneos;
				SWIFT_COMPILATION_MODE = wholemodule;
				SWIFT_OPTIMIZATION_LEVEL = "-O";
				VALIDATE_PRODUCT = YES;
			};
			name = Release;
		};
		FB5F523625BAC8D700EC19AF /* Debug */ = {
			isa = XCBuildConfiguration;
			buildSettings = {
				ASSETCATALOG_COMPILER_APPICON_NAME = AppIcon;
				ASSETCATALOG_COMPILER_GLOBAL_ACCENT_COLOR_NAME = AccentColor;
				CODE_SIGN_STYLE = Automatic;
				DEVELOPMENT_TEAM = W69L42NMK2;
				INFOPLIST_FILE = TestTask/Info.plist;
				IPHONEOS_DEPLOYMENT_TARGET = 13.1;
				LD_RUNPATH_SEARCH_PATHS = (
					"$(inherited)",
					"@executable_path/Frameworks",
				);
				PRODUCT_BUNDLE_IDENTIFIER = "art.jedi-tones.TestTask";
				PRODUCT_NAME = "$(TARGET_NAME)";
				SWIFT_VERSION = 5.0;
				TARGETED_DEVICE_FAMILY = "1,2";
			};
			name = Debug;
		};
		FB5F523725BAC8D700EC19AF /* Release */ = {
			isa = XCBuildConfiguration;
			buildSettings = {
				ASSETCATALOG_COMPILER_APPICON_NAME = AppIcon;
				ASSETCATALOG_COMPILER_GLOBAL_ACCENT_COLOR_NAME = AccentColor;
				CODE_SIGN_STYLE = Automatic;
				DEVELOPMENT_TEAM = W69L42NMK2;
				INFOPLIST_FILE = TestTask/Info.plist;
				IPHONEOS_DEPLOYMENT_TARGET = 13.1;
				LD_RUNPATH_SEARCH_PATHS = (
					"$(inherited)",
					"@executable_path/Frameworks",
				);
				PRODUCT_BUNDLE_IDENTIFIER = "art.jedi-tones.TestTask";
				PRODUCT_NAME = "$(TARGET_NAME)";
				SWIFT_VERSION = 5.0;
				TARGETED_DEVICE_FAMILY = "1,2";
			};
			name = Release;
		};
		FBB1317C25C24FD500410E56 /* Debug */ = {
			isa = XCBuildConfiguration;
			buildSettings = {
				BUNDLE_LOADER = "$(TEST_HOST)";
				CODE_SIGN_STYLE = Automatic;
				DEVELOPMENT_TEAM = W69L42NMK2;
				INFOPLIST_FILE = TestTaskTests/Info.plist;
				LD_RUNPATH_SEARCH_PATHS = (
					"$(inherited)",
					"@executable_path/Frameworks",
					"@loader_path/Frameworks",
				);
				PRODUCT_BUNDLE_IDENTIFIER = "art.jedi-tones.TestTaskTests";
				PRODUCT_NAME = "$(TARGET_NAME)";
				SWIFT_VERSION = 5.0;
				TARGETED_DEVICE_FAMILY = "1,2";
				TEST_HOST = "$(BUILT_PRODUCTS_DIR)/TestTask.app/TestTask";
			};
			name = Debug;
		};
		FBB1317D25C24FD500410E56 /* Release */ = {
			isa = XCBuildConfiguration;
			buildSettings = {
				BUNDLE_LOADER = "$(TEST_HOST)";
				CODE_SIGN_STYLE = Automatic;
				DEVELOPMENT_TEAM = W69L42NMK2;
				INFOPLIST_FILE = TestTaskTests/Info.plist;
				LD_RUNPATH_SEARCH_PATHS = (
					"$(inherited)",
					"@executable_path/Frameworks",
					"@loader_path/Frameworks",
				);
				PRODUCT_BUNDLE_IDENTIFIER = "art.jedi-tones.TestTaskTests";
				PRODUCT_NAME = "$(TARGET_NAME)";
				SWIFT_VERSION = 5.0;
				TARGETED_DEVICE_FAMILY = "1,2";
				TEST_HOST = "$(BUILT_PRODUCTS_DIR)/TestTask.app/TestTask";
			};
			name = Release;
		};
/* End XCBuildConfiguration section */

/* Begin XCConfigurationList section */
		FB5F521C25BAC8D200EC19AF /* Build configuration list for PBXProject "TestTask" */ = {
			isa = XCConfigurationList;
			buildConfigurations = (
				FB5F523325BAC8D700EC19AF /* Debug */,
				FB5F523425BAC8D700EC19AF /* Release */,
			);
			defaultConfigurationIsVisible = 0;
			defaultConfigurationName = Release;
		};
		FB5F523525BAC8D700EC19AF /* Build configuration list for PBXNativeTarget "TestTask" */ = {
			isa = XCConfigurationList;
			buildConfigurations = (
				FB5F523625BAC8D700EC19AF /* Debug */,
				FB5F523725BAC8D700EC19AF /* Release */,
			);
			defaultConfigurationIsVisible = 0;
			defaultConfigurationName = Release;
		};
		FBB1317B25C24FD500410E56 /* Build configuration list for PBXNativeTarget "TestTaskTests" */ = {
			isa = XCConfigurationList;
			buildConfigurations = (
				FBB1317C25C24FD500410E56 /* Debug */,
				FBB1317D25C24FD500410E56 /* Release */,
			);
			defaultConfigurationIsVisible = 0;
			defaultConfigurationName = Release;
		};
/* End XCConfigurationList section */
	};
	rootObject = FB5F521925BAC8D200EC19AF /* Project object */;
}
